
Microsoft Visual Studio Solution File, Format Version 12.00
# Visual Studio Version 16
VisualStudioVersion = 16.0.29411.108
MinimumVisualStudioVersion = 10.0.40219.1
Project("{FAE04EC0-301F-11D3-BF4B-00C04F79EFBC}") = "Sandbox", "Sandbox\Sandbox.csproj", "{DB367064-9A5F-43BB-B775-A90D671104DF}"
EndProject
Global
	GlobalSection(SolutionConfigurationPlatforms) = preSolution
		Debug|Any CPU = Debug|Any CPU
		Release|Any CPU = Release|Any CPU
	EndGlobalSection
	GlobalSection(ProjectConfigurationPlatforms) = postSolution
		{DB367064-9A5F-43BB-B775-A90D671104DF}.Debug|Any CPU.ActiveCfg = Debug|Any CPU
		{DB367064-9A5F-43BB-B775-A90D671104DF}.Debug|Any CPU.Build.0 = Debug|Any CPU
		{DB367064-9A5F-43BB-B775-A90D671104DF}.Release|Any CPU.ActiveCfg = Release|Any CPU
		{DB367064-9A5F-43BB-B775-A90D671104DF}.Release|Any CPU.Build.0 = Release|Any CPU
	EndGlobalSection
	GlobalSection(SolutionProperties) = preSolution
		HideSolutionNode = FALSE
	EndGlobalSection
	GlobalSection(ExtensibilityGlobals) = postSolution
		SolutionGuid = {E82BA78E-F22C-43D1-8E65-A9C7F44A37A1}
	EndGlobalSection
EndGlobal
